<?xml version="1.0" encoding="UTF-8" standalone="yes" ?>
<CodeBlocks_project_file>
	<FileVersion major="1" minor="6" />
	<Project>
		<Option title="DISEnum" />
		<Option pch_mode="2" />
		<Option compiler="gcc" />
		<Build>
			<Target title="Debug">
				<Option output="bin/Debug/libDISEnum" prefix_auto="1" extension_auto="1" />
				<Option object_output="obj/Debug/" />
				<Option type="3" />
				<Option compiler="gcc" />
				<Option createDefFile="1" />
				<Option createStaticLib="1" />
				<Compiler>
					<Add option="-g" />
					<Add option="-fPIC" />
					<Add directory="../../src/main/cpp" />
				</Compiler>
			</Target>
			<Target title="Release">
				<Option output="bin/Release/libDISEnum" prefix_auto="1" extension_auto="1" />
				<Option object_output="obj/Release/" />
				<Option type="3" />
				<Option compiler="gcc" />
				<Option createDefFile="1" />
				<Option createStaticLib="1" />
				<Compiler>
					<Add option="-O2" />
					<Add option="-g" />
					<Add option="-fPIC" />
					<Add directory="../../src/main/cpp" />
				</Compiler>
				<Linker>
					<Add option="-s" />
				</Linker>
			</Target>
		</Build>
		<Compiler>
			<Add option="-Wall" />
		</Compiler>
		<Unit filename="../../src/main/cpp/disenum/AcknowledgeFlag.cpp" />
		<Unit filename="../../src/main/cpp/disenum/AcknowledgeFlag.h" />
		<Unit filename="../../src/main/cpp/disenum/AcousticEmitters.cpp" />
		<Unit filename="../../src/main/cpp/disenum/AcousticEmitters.h" />
		<Unit filename="../../src/main/cpp/disenum/AcousticSystemName.cpp" />
		<Unit filename="../../src/main/cpp/disenum/AcousticSystemName.h" />
		<Unit filename="../../src/main/cpp/disenum/ActionID.cpp" />
		<Unit filename="../../src/main/cpp/disenum/ActionID.h" />
		<Unit filename="../../src/main/cpp/disenum/ActiveEmissionParameterIndex.cpp" />
		<Unit filename="../../src/main/cpp/disenum/ActiveEmissionParameterIndex.h" />
		<Unit filename="../../src/main/cpp/disenum/AdditionalPassiveActivity.cpp" />
		<Unit filename="../../src/main/cpp/disenum/AdditionalPassiveActivity.h" />
		<Unit filename="../../src/main/cpp/disenum/AggregateKind.cpp" />
		<Unit filename="../../src/main/cpp/disenum/AggregateKind.h" />
		<Unit filename="../../src/main/cpp/disenum/AggregateState.cpp" />
		<Unit filename="../../src/main/cpp/disenum/AggregateState.h" />
		<Unit filename="../../src/main/cpp/disenum/Aircraft.cpp" />
		<Unit filename="../../src/main/cpp/disenum/Aircraft.h" />
		<Unit filename="../../src/main/cpp/disenum/AntennaPatternType.cpp" />
		<Unit filename="../../src/main/cpp/disenum/AntennaPatternType.h" />
		<Unit filename="../../src/main/cpp/disenum/ArticulatedPartsIndexNumber.cpp" />
		<Unit filename="../../src/main/cpp/disenum/ArticulatedPartsIndexNumber.h" />
		<Unit filename="../../src/main/cpp/disenum/ArticulatedPartsOffsetNumber.cpp" />
		<Unit filename="../../src/main/cpp/disenum/ArticulatedPartsOffsetNumber.h" />
		<Unit filename="../../src/main/cpp/disenum/AttachedParts.cpp" />
		<Unit filename="../../src/main/cpp/disenum/AttachedParts.h" />
		<Unit filename="../../src/main/cpp/disenum/AuxiliaryCraft.cpp" />
		<Unit filename="../../src/main/cpp/disenum/AuxiliaryCraft.h" />
		<Unit filename="../../src/main/cpp/disenum/BeamFunction.cpp" />
		<Unit filename="../../src/main/cpp/disenum/BeamFunction.h" />
		<Unit filename="../../src/main/cpp/disenum/Byte11.cpp" />
		<Unit filename="../../src/main/cpp/disenum/Byte11.h" />
		<Unit filename="../../src/main/cpp/disenum/Bytes8_9_10_12.cpp" />
		<Unit filename="../../src/main/cpp/disenum/Bytes8_9_10_12.h" />
		<Unit filename="../../src/main/cpp/disenum/CISWeaponsForLifeForms.cpp" />
		<Unit filename="../../src/main/cpp/disenum/CISWeaponsForLifeForms.h" />
		<Unit filename="../../src/main/cpp/disenum/ClearChannel.cpp" />
		<Unit filename="../../src/main/cpp/disenum/ClearChannel.h" />
		<Unit filename="../../src/main/cpp/disenum/CodeName.cpp" />
		<Unit filename="../../src/main/cpp/disenum/CodeName.h" />
		<Unit filename="../../src/main/cpp/disenum/CollisionType.cpp" />
		<Unit filename="../../src/main/cpp/disenum/CollisionType.h" />
		<Unit filename="../../src/main/cpp/disenum/Command.cpp" />
		<Unit filename="../../src/main/cpp/disenum/Command.h" />
		<Unit filename="../../src/main/cpp/disenum/CommunicationType.cpp" />
		<Unit filename="../../src/main/cpp/disenum/CommunicationType.h" />
		<Unit filename="../../src/main/cpp/disenum/CompanyBatteryTroop.cpp" />
		<Unit filename="../../src/main/cpp/disenum/CompanyBatteryTroop.h" />
		<Unit filename="../../src/main/cpp/disenum/ConstantGrid.cpp" />
		<Unit filename="../../src/main/cpp/disenum/ConstantGrid.h" />
		<Unit filename="../../src/main/cpp/disenum/ControlType.cpp" />
		<Unit filename="../../src/main/cpp/disenum/ControlType.h" />
		<Unit filename="../../src/main/cpp/disenum/CoordinateSystem.cpp" />
		<Unit filename="../../src/main/cpp/disenum/CoordinateSystem.h" />
		<Unit filename="../../src/main/cpp/disenum/CountryType.cpp" />
		<Unit filename="../../src/main/cpp/disenum/CountryType.h" />
		<Unit filename="../../src/main/cpp/disenum/CryptoSystem.cpp" />
		<Unit filename="../../src/main/cpp/disenum/CryptoSystem.h" />
		<Unit filename="../../src/main/cpp/disenum/DISEnum.h" />
		<Unit filename="../../src/main/cpp/disenum/DataRepresentation.cpp" />
		<Unit filename="../../src/main/cpp/disenum/DataRepresentation.h" />
		<Unit filename="../../src/main/cpp/disenum/DatumSpecificationRecord.cpp" />
		<Unit filename="../../src/main/cpp/disenum/DatumSpecificationRecord.h" />
		<Unit filename="../../src/main/cpp/disenum/DeadReckoningAlgorithm.cpp" />
		<Unit filename="../../src/main/cpp/disenum/DeadReckoningAlgorithm.h" />
		<Unit filename="../../src/main/cpp/disenum/DesignatorCode.cpp" />
		<Unit filename="../../src/main/cpp/disenum/DesignatorCode.h" />
		<Unit filename="../../src/main/cpp/disenum/DestLineState.cpp" />
		<Unit filename="../../src/main/cpp/disenum/DestLineState.h" />
		<Unit filename="../../src/main/cpp/disenum/DetailedModAmpAndAngle.cpp" />
		<Unit filename="../../src/main/cpp/disenum/DetailedModAmpAndAngle.h" />
		<Unit filename="../../src/main/cpp/disenum/DetailedModAmpMod.cpp" />
		<Unit filename="../../src/main/cpp/disenum/DetailedModAmpMod.h" />
		<Unit filename="../../src/main/cpp/disenum/DetailedModAngleMod.cpp" />
		<Unit filename="../../src/main/cpp/disenum/DetailedModAngleMod.h" />
		<Unit filename="../../src/main/cpp/disenum/DetailedModCarrierPhaseShift.cpp" />
		<Unit filename="../../src/main/cpp/disenum/DetailedModCarrierPhaseShift.h" />
		<Unit filename="../../src/main/cpp/disenum/DetailedModCombinationMod.cpp" />
		<Unit filename="../../src/main/cpp/disenum/DetailedModCombinationMod.h" />
		<Unit filename="../../src/main/cpp/disenum/DetailedModPulseMod.cpp" />
		<Unit filename="../../src/main/cpp/disenum/DetailedModPulseMod.h" />
		<Unit filename="../../src/main/cpp/disenum/DetailedModUnmodulatedMod.cpp" />
		<Unit filename="../../src/main/cpp/disenum/DetailedModUnmodulatedMod.h" />
		<Unit filename="../../src/main/cpp/disenum/DetonationResult.cpp" />
		<Unit filename="../../src/main/cpp/disenum/DetonationResult.h" />
		<Unit filename="../../src/main/cpp/disenum/DigitChevronCode.cpp" />
		<Unit filename="../../src/main/cpp/disenum/DigitChevronCode.h" />
		<Unit filename="../../src/main/cpp/disenum/DivisionCorpsDesignation.cpp" />
		<Unit filename="../../src/main/cpp/disenum/DivisionCorpsDesignation.h" />
		<Unit filename="../../src/main/cpp/disenum/DriveTrain.cpp" />
		<Unit filename="../../src/main/cpp/disenum/DriveTrain.h" />
		<Unit filename="../../src/main/cpp/disenum/ElectromagneticEmitters.cpp" />
		<Unit filename="../../src/main/cpp/disenum/ElectromagneticEmitters.h" />
		<Unit filename="../../src/main/cpp/disenum/Electronics.cpp" />
		<Unit filename="../../src/main/cpp/disenum/Electronics.h" />
		<Unit filename="../../src/main/cpp/disenum/EntityDomain.cpp" />
		<Unit filename="../../src/main/cpp/disenum/EntityDomain.h" />
		<Unit filename="../../src/main/cpp/disenum/EntityKind.cpp" />
		<Unit filename="../../src/main/cpp/disenum/EntityKind.h" />
		<Unit filename="../../src/main/cpp/disenum/EntityMarking.cpp" />
		<Unit filename="../../src/main/cpp/disenum/EntityMarking.h" />
		<Unit filename="../../src/main/cpp/disenum/Enumeration.h" />
		<Unit filename="../../src/main/cpp/disenum/EnvironmentalKind.cpp" />
		<Unit filename="../../src/main/cpp/disenum/EnvironmentalKind.h" />
		<Unit filename="../../src/main/cpp/disenum/EventType.cpp" />
		<Unit filename="../../src/main/cpp/disenum/EventType.h" />
		<Unit filename="../../src/main/cpp/disenum/ExpendableAirCategory.cpp" />
		<Unit filename="../../src/main/cpp/disenum/ExpendableAirCategory.h" />
		<Unit filename="../../src/main/cpp/disenum/ExpendableSubsurfaceCategory.cpp" />
		<Unit filename="../../src/main/cpp/disenum/ExpendableSubsurfaceCategory.h" />
		<Unit filename="../../src/main/cpp/disenum/ExpendableSurfaceCategory.cpp" />
		<Unit filename="../../src/main/cpp/disenum/ExpendableSurfaceCategory.h" />
		<Unit filename="../../src/main/cpp/disenum/FLIR.cpp" />
		<Unit filename="../../src/main/cpp/disenum/FLIR.h" />
		<Unit filename="../../src/main/cpp/disenum/FieldNumber.cpp" />
		<Unit filename="../../src/main/cpp/disenum/FieldNumber.h" />
		<Unit filename="../../src/main/cpp/disenum/FirstCavHighLevelUnit.cpp" />
		<Unit filename="../../src/main/cpp/disenum/FirstCavHighLevelUnit.h" />
		<Unit filename="../../src/main/cpp/disenum/FirstInfHighLevelUnit.cpp" />
		<Unit filename="../../src/main/cpp/disenum/FirstInfHighLevelUnit.h" />
		<Unit filename="../../src/main/cpp/disenum/ForceID.cpp" />
		<Unit filename="../../src/main/cpp/disenum/ForceID.h" />
		<Unit filename="../../src/main/cpp/disenum/Formation.cpp" />
		<Unit filename="../../src/main/cpp/disenum/Formation.h" />
		<Unit filename="../../src/main/cpp/disenum/FrenchWeaponsForLifeForms.cpp" />
		<Unit filename="../../src/main/cpp/disenum/FrenchWeaponsForLifeForms.h" />
		<Unit filename="../../src/main/cpp/disenum/FuelSystems.cpp" />
		<Unit filename="../../src/main/cpp/disenum/FuelSystems.h" />
		<Unit filename="../../src/main/cpp/disenum/Function.cpp" />
		<Unit filename="../../src/main/cpp/disenum/Function.h" />
		<Unit filename="../../src/main/cpp/disenum/Fuse.cpp" />
		<Unit filename="../../src/main/cpp/disenum/Fuse.h" />
		<Unit filename="../../src/main/cpp/disenum/GeneralRepairCode.cpp" />
		<Unit filename="../../src/main/cpp/disenum/GeneralRepairCode.h" />
		<Unit filename="../../src/main/cpp/disenum/GeometryRecordTypeField.cpp" />
		<Unit filename="../../src/main/cpp/disenum/GeometryRecordTypeField.h" />
		<Unit filename="../../src/main/cpp/disenum/GermanWeaponsForLifeForms.cpp" />
		<Unit filename="../../src/main/cpp/disenum/GermanWeaponsForLifeForms.h" />
		<Unit filename="../../src/main/cpp/disenum/GroupedEntityCategory.cpp" />
		<Unit filename="../../src/main/cpp/disenum/GroupedEntityCategory.h" />
		<Unit filename="../../src/main/cpp/disenum/Helicopters.cpp" />
		<Unit filename="../../src/main/cpp/disenum/Helicopters.h" />
		<Unit filename="../../src/main/cpp/disenum/HighDensityTrackJam.cpp" />
		<Unit filename="../../src/main/cpp/disenum/HighDensityTrackJam.h" />
		<Unit filename="../../src/main/cpp/disenum/HullAirframeBody.cpp" />
		<Unit filename="../../src/main/cpp/disenum/HullAirframeBody.h" />
		<Unit filename="../../src/main/cpp/disenum/HydraulicSystemsAndActuators.cpp" />
		<Unit filename="../../src/main/cpp/disenum/HydraulicSystemsAndActuators.h" />
		<Unit filename="../../src/main/cpp/disenum/InputSource.cpp" />
		<Unit filename="../../src/main/cpp/disenum/InputSource.h" />
		<Unit filename="../../src/main/cpp/disenum/InterfacesWithEnvironment.cpp" />
		<Unit filename="../../src/main/cpp/disenum/InterfacesWithEnvironment.h" />
		<Unit filename="../../src/main/cpp/disenum/Laser.cpp" />
		<Unit filename="../../src/main/cpp/disenum/Laser.h" />
		<Unit filename="../../src/main/cpp/disenum/LayerSpecificInformation.cpp" />
		<Unit filename="../../src/main/cpp/disenum/LayerSpecificInformation.h" />
		<Unit filename="../../src/main/cpp/disenum/LifeSupportSystems.cpp" />
		<Unit filename="../../src/main/cpp/disenum/LifeSupportSystems.h" />
		<Unit filename="../../src/main/cpp/disenum/Magnetic.cpp" />
		<Unit filename="../../src/main/cpp/disenum/Magnetic.h" />
		<Unit filename="../../src/main/cpp/disenum/MajorModulation.cpp" />
		<Unit filename="../../src/main/cpp/disenum/MajorModulation.h" />
		<Unit filename="../../src/main/cpp/disenum/MessageStart.cpp" />
		<Unit filename="../../src/main/cpp/disenum/MessageStart.h" />
		<Unit filename="../../src/main/cpp/disenum/ModelType.cpp" />
		<Unit filename="../../src/main/cpp/disenum/ModelType.h" />
		<Unit filename="../../src/main/cpp/disenum/Multispectral.cpp" />
		<Unit filename="../../src/main/cpp/disenum/Multispectral.h" />
		<Unit filename="../../src/main/cpp/disenum/MunitionCategory.cpp" />
		<Unit filename="../../src/main/cpp/disenum/MunitionCategory.h" />
		<Unit filename="../../src/main/cpp/disenum/MunitionDomain.cpp" />
		<Unit filename="../../src/main/cpp/disenum/MunitionDomain.h" />
		<Unit filename="../../src/main/cpp/disenum/Nature.cpp" />
		<Unit filename="../../src/main/cpp/disenum/Nature.h" />
		<Unit filename="../../src/main/cpp/disenum/ObjectKind.cpp" />
		<Unit filename="../../src/main/cpp/disenum/ObjectKind.h" />
		<Unit filename="../../src/main/cpp/disenum/Optical.cpp" />
		<Unit filename="../../src/main/cpp/disenum/Optical.h" />
		<Unit filename="../../src/main/cpp/disenum/OtherAcousticEmitters.cpp" />
		<Unit filename="../../src/main/cpp/disenum/OtherAcousticEmitters.h" />
		<Unit filename="../../src/main/cpp/disenum/ParameterTypeDesignator.cpp" />
		<Unit filename="../../src/main/cpp/disenum/ParameterTypeDesignator.h" />
		<Unit filename="../../src/main/cpp/disenum/PassiveParameterIndex.cpp" />
		<Unit filename="../../src/main/cpp/disenum/PassiveParameterIndex.h" />
		<Unit filename="../../src/main/cpp/disenum/PduType.cpp" />
		<Unit filename="../../src/main/cpp/disenum/PduType.h" />
		<Unit filename="../../src/main/cpp/disenum/Physical.cpp" />
		<Unit filename="../../src/main/cpp/disenum/Physical.h" />
		<Unit filename="../../src/main/cpp/disenum/PlatformAir.cpp" />
		<Unit filename="../../src/main/cpp/disenum/PlatformAir.h" />
		<Unit filename="../../src/main/cpp/disenum/PlatformLand.cpp" />
		<Unit filename="../../src/main/cpp/disenum/PlatformLand.h" />
		<Unit filename="../../src/main/cpp/disenum/PlatformSpace.cpp" />
		<Unit filename="../../src/main/cpp/disenum/PlatformSpace.h" />
		<Unit filename="../../src/main/cpp/disenum/PlatformSubSurface.cpp" />
		<Unit filename="../../src/main/cpp/disenum/PlatformSubSurface.h" />
		<Unit filename="../../src/main/cpp/disenum/PlatformSurface.cpp" />
		<Unit filename="../../src/main/cpp/disenum/PlatformSurface.h" />
		<Unit filename="../../src/main/cpp/disenum/PlatoonSection.cpp" />
		<Unit filename="../../src/main/cpp/disenum/PlatoonSection.h" />
		<Unit filename="../../src/main/cpp/disenum/Position.cpp" />
		<Unit filename="../../src/main/cpp/disenum/Position.h" />
		<Unit filename="../../src/main/cpp/disenum/ProtocolFamily.cpp" />
		<Unit filename="../../src/main/cpp/disenum/ProtocolFamily.h" />
		<Unit filename="../../src/main/cpp/disenum/ProtocolVersion.cpp" />
		<Unit filename="../../src/main/cpp/disenum/ProtocolVersion.h" />
		<Unit filename="../../src/main/cpp/disenum/RADAR.cpp" />
		<Unit filename="../../src/main/cpp/disenum/RADAR.h" />
		<Unit filename="../../src/main/cpp/disenum/RadioCategory.cpp" />
		<Unit filename="../../src/main/cpp/disenum/RadioCategory.h" />
		<Unit filename="../../src/main/cpp/disenum/RadioNomenclature.cpp" />
		<Unit filename="../../src/main/cpp/disenum/RadioNomenclature.h" />
		<Unit filename="../../src/main/cpp/disenum/RadioNomenclatureVersion.cpp" />
		<Unit filename="../../src/main/cpp/disenum/RadioNomenclatureVersion.h" />
		<Unit filename="../../src/main/cpp/disenum/RadioSystem.cpp" />
		<Unit filename="../../src/main/cpp/disenum/RadioSystem.h" />
		<Unit filename="../../src/main/cpp/disenum/Reason.cpp" />
		<Unit filename="../../src/main/cpp/disenum/Reason.h" />
		<Unit filename="../../src/main/cpp/disenum/ReceiverState.cpp" />
		<Unit filename="../../src/main/cpp/disenum/ReceiverState.h" />
		<Unit filename="../../src/main/cpp/disenum/RecordType.cpp" />
		<Unit filename="../../src/main/cpp/disenum/RecordType.h" />
		<Unit filename="../../src/main/cpp/disenum/ReferenceSystem.cpp" />
		<Unit filename="../../src/main/cpp/disenum/ReferenceSystem.h" />
		<Unit filename="../../src/main/cpp/disenum/RepairResponsePDU.cpp" />
		<Unit filename="../../src/main/cpp/disenum/RepairResponsePDU.h" />
		<Unit filename="../../src/main/cpp/disenum/RequestStatus.cpp" />
		<Unit filename="../../src/main/cpp/disenum/RequestStatus.h" />
		<Unit filename="../../src/main/cpp/disenum/RequiredReliabilityService.cpp" />
		<Unit filename="../../src/main/cpp/disenum/RequiredReliabilityService.h" />
		<Unit filename="../../src/main/cpp/disenum/ResponseFlag.cpp" />
		<Unit filename="../../src/main/cpp/disenum/ResponseFlag.h" />
		<Unit filename="../../src/main/cpp/disenum/RestStatus.cpp" />
		<Unit filename="../../src/main/cpp/disenum/RestStatus.h" />
		<Unit filename="../../src/main/cpp/disenum/SONAR.cpp" />
		<Unit filename="../../src/main/cpp/disenum/SONAR.h" />
		<Unit filename="../../src/main/cpp/disenum/SampleType.cpp" />
		<Unit filename="../../src/main/cpp/disenum/SampleType.h" />
		<Unit filename="../../src/main/cpp/disenum/ScanPattern.cpp" />
		<Unit filename="../../src/main/cpp/disenum/ScanPattern.h" />
		<Unit filename="../../src/main/cpp/disenum/SensorEmitterCategory.cpp" />
		<Unit filename="../../src/main/cpp/disenum/SensorEmitterCategory.h" />
		<Unit filename="../../src/main/cpp/disenum/SensorTypes.cpp" />
		<Unit filename="../../src/main/cpp/disenum/SensorTypes.h" />
		<Unit filename="../../src/main/cpp/disenum/ServiceRequestPDU.cpp" />
		<Unit filename="../../src/main/cpp/disenum/ServiceRequestPDU.h" />
		<Unit filename="../../src/main/cpp/disenum/Specific.cpp" />
		<Unit filename="../../src/main/cpp/disenum/Specific.h" />
		<Unit filename="../../src/main/cpp/disenum/StateChangeUpdateIndicator.cpp" />
		<Unit filename="../../src/main/cpp/disenum/StateChangeUpdateIndicator.h" />
		<Unit filename="../../src/main/cpp/disenum/StateRecordTypeField.cpp" />
		<Unit filename="../../src/main/cpp/disenum/StateRecordTypeField.h" />
		<Unit filename="../../src/main/cpp/disenum/StateUpdateIndicator.cpp" />
		<Unit filename="../../src/main/cpp/disenum/StateUpdateIndicator.h" />
		<Unit filename="../../src/main/cpp/disenum/StationName.cpp" />
		<Unit filename="../../src/main/cpp/disenum/StationName.h" />
		<Unit filename="../../src/main/cpp/disenum/Subcategory.cpp" />
		<Unit filename="../../src/main/cpp/disenum/Subcategory.h" />
		<Unit filename="../../src/main/cpp/disenum/SynchronizationState.cpp" />
		<Unit filename="../../src/main/cpp/disenum/SynchronizationState.h" />
		<Unit filename="../../src/main/cpp/disenum/SystemMode.cpp" />
		<Unit filename="../../src/main/cpp/disenum/SystemMode.h" />
		<Unit filename="../../src/main/cpp/disenum/SystemName.cpp" />
		<Unit filename="../../src/main/cpp/disenum/SystemName.h" />
		<Unit filename="../../src/main/cpp/disenum/SystemType.cpp" />
		<Unit filename="../../src/main/cpp/disenum/SystemType.h" />
		<Unit filename="../../src/main/cpp/disenum/TDLType.cpp" />
		<Unit filename="../../src/main/cpp/disenum/TDLType.h" />
		<Unit filename="../../src/main/cpp/disenum/Tanks.cpp" />
		<Unit filename="../../src/main/cpp/disenum/Tanks.h" />
		<Unit filename="../../src/main/cpp/disenum/TransferType.cpp" />
		<Unit filename="../../src/main/cpp/disenum/TransferType.h" />
		<Unit filename="../../src/main/cpp/disenum/TransmitState.cpp" />
		<Unit filename="../../src/main/cpp/disenum/TransmitState.h" />
		<Unit filename="../../src/main/cpp/disenum/Type1AltParameter4.cpp" />
		<Unit filename="../../src/main/cpp/disenum/Type1AltParameter4.h" />
		<Unit filename="../../src/main/cpp/disenum/Type1OperationalParameter1.cpp" />
		<Unit filename="../../src/main/cpp/disenum/Type1OperationalParameter1.h" />
		<Unit filename="../../src/main/cpp/disenum/Type1OperationalParameter2.cpp" />
		<Unit filename="../../src/main/cpp/disenum/Type1OperationalParameter2.h" />
		<Unit filename="../../src/main/cpp/disenum/Type2AltParameter4.cpp" />
		<Unit filename="../../src/main/cpp/disenum/Type2AltParameter4.h" />
		<Unit filename="../../src/main/cpp/disenum/Type2OperationalParameter1.cpp" />
		<Unit filename="../../src/main/cpp/disenum/Type2OperationalParameter1.h" />
		<Unit filename="../../src/main/cpp/disenum/Type2OperationalParameter2.cpp" />
		<Unit filename="../../src/main/cpp/disenum/Type2OperationalParameter2.h" />
		<Unit filename="../../src/main/cpp/disenum/Type3AltParameter4.cpp" />
		<Unit filename="../../src/main/cpp/disenum/Type3AltParameter4.h" />
		<Unit filename="../../src/main/cpp/disenum/Type3OperationalParameter1.cpp" />
		<Unit filename="../../src/main/cpp/disenum/Type3OperationalParameter1.h" />
		<Unit filename="../../src/main/cpp/disenum/Type3OperationalParameter2.cpp" />
		<Unit filename="../../src/main/cpp/disenum/Type3OperationalParameter2.h" />
		<Unit filename="../../src/main/cpp/disenum/Type4AltParameter4.cpp" />
		<Unit filename="../../src/main/cpp/disenum/Type4AltParameter4.h" />
		<Unit filename="../../src/main/cpp/disenum/Type4OperationalParameter1.cpp" />
		<Unit filename="../../src/main/cpp/disenum/Type4OperationalParameter1.h" />
		<Unit filename="../../src/main/cpp/disenum/Type4OperationalParameter2.cpp" />
		<Unit filename="../../src/main/cpp/disenum/Type4OperationalParameter2.h" />
		<Unit filename="../../src/main/cpp/disenum/Type5AltParameter4.cpp" />
		<Unit filename="../../src/main/cpp/disenum/Type5AltParameter4.h" />
		<Unit filename="../../src/main/cpp/disenum/Type5OperationalParameter1.cpp" />
		<Unit filename="../../src/main/cpp/disenum/Type5OperationalParameter1.h" />
		<Unit filename="../../src/main/cpp/disenum/Type5OperationalParameter2.cpp" />
		<Unit filename="../../src/main/cpp/disenum/Type5OperationalParameter2.h" />
		<Unit filename="../../src/main/cpp/disenum/UKWeaponsForLifeForms.cpp" />
		<Unit filename="../../src/main/cpp/disenum/UKWeaponsForLifeForms.h" />
		<Unit filename="../../src/main/cpp/disenum/USWeaponsForLifeForms.cpp" />
		<Unit filename="../../src/main/cpp/disenum/USWeaponsForLifeForms.h" />
		<Unit filename="../../src/main/cpp/disenum/UserProtocolIDNum.cpp" />
		<Unit filename="../../src/main/cpp/disenum/UserProtocolIDNum.h" />
		<Unit filename="../../src/main/cpp/disenum/Vehicle.cpp" />
		<Unit filename="../../src/main/cpp/disenum/Vehicle.h" />
		<Unit filename="../../src/main/cpp/disenum/Warhead.cpp" />
		<Unit filename="../../src/main/cpp/disenum/Warhead.h" />
		<Unit filename="../../src/main/cpp/disenum/Weapons.cpp" />
		<Unit filename="../../src/main/cpp/disenum/Weapons.h" />
		<Unit filename="../../src/main/cpp/disenum/XmitLineState.cpp" />
		<Unit filename="../../src/main/cpp/disenum/XmitLineState.h" />
		<Unit filename="../../src/main/cpp/disenum/XmitTermPriMode.cpp" />
		<Unit filename="../../src/main/cpp/disenum/XmitTermPriMode.h" />
		<Unit filename="../../src/main/cpp/disenum/XmitTermSecMode.cpp" />
		<Unit filename="../../src/main/cpp/disenum/XmitTermSecMode.h" />
		<Unit filename="../../src/main/cpp/disenum/der_iff_fop_status.cpp" />
		<Unit filename="../../src/main/cpp/disenum/der_iff_fop_status.h" />
		<Unit filename="../../src/main/cpp/disenum/der_iff_infolayers.cpp" />
		<Unit filename="../../src/main/cpp/disenum/der_iff_infolayers.h" />
		<Unit filename="../../src/main/cpp/disenum/der_iff_type_1_changeoptions.cpp" />
		<Unit filename="../../src/main/cpp/disenum/der_iff_type_1_changeoptions.h" />
		<Unit filename="../../src/main/cpp/disenum/der_iff_type_1_fop_modifier.cpp" />
		<Unit filename="../../src/main/cpp/disenum/der_iff_type_1_fop_modifier.h" />
		<Unit filename="../../src/main/cpp/disenum/der_iff_type_1_fop_param1.cpp" />
		<Unit filename="../../src/main/cpp/disenum/der_iff_type_1_fop_param1.h" />
		<Unit filename="../../src/main/cpp/disenum/der_iff_type_1_fop_param2.cpp" />
		<Unit filename="../../src/main/cpp/disenum/der_iff_type_1_fop_param2.h" />
		<Unit filename="../../src/main/cpp/disenum/der_iff_type_1_fop_param3.cpp" />
		<Unit filename="../../src/main/cpp/disenum/der_iff_type_1_fop_param3.h" />
		<Unit filename="../../src/main/cpp/disenum/der_iff_type_1_fop_param4.cpp" />
		<Unit filename="../../src/main/cpp/disenum/der_iff_type_1_fop_param4.h" />
		<Unit filename="../../src/main/cpp/disenum/der_iff_type_1_fop_param5.cpp" />
		<Unit filename="../../src/main/cpp/disenum/der_iff_type_1_fop_param5.h" />
		<Unit filename="../../src/main/cpp/disenum/der_iff_type_1_fop_param6.cpp" />
		<Unit filename="../../src/main/cpp/disenum/der_iff_type_1_fop_param6.h" />
		<Unit filename="../../src/main/cpp/disenum/der_iff_type_2_changeoptions.cpp" />
		<Unit filename="../../src/main/cpp/disenum/der_iff_type_2_changeoptions.h" />
		<Unit filename="../../src/main/cpp/disenum/der_iff_type_2_fop_modifier.cpp" />
		<Unit filename="../../src/main/cpp/disenum/der_iff_type_2_fop_modifier.h" />
		<Unit filename="../../src/main/cpp/disenum/der_iff_type_2_fop_param1.cpp" />
		<Unit filename="../../src/main/cpp/disenum/der_iff_type_2_fop_param1.h" />
		<Unit filename="../../src/main/cpp/disenum/der_iff_type_2_fop_param2.cpp" />
		<Unit filename="../../src/main/cpp/disenum/der_iff_type_2_fop_param2.h" />
		<Unit filename="../../src/main/cpp/disenum/der_iff_type_2_fop_param3.cpp" />
		<Unit filename="../../src/main/cpp/disenum/der_iff_type_2_fop_param3.h" />
		<Unit filename="../../src/main/cpp/disenum/der_iff_type_2_fop_param4.cpp" />
		<Unit filename="../../src/main/cpp/disenum/der_iff_type_2_fop_param4.h" />
		<Unit filename="../../src/main/cpp/disenum/der_iff_type_2_fop_param5.cpp" />
		<Unit filename="../../src/main/cpp/disenum/der_iff_type_2_fop_param5.h" />
		<Unit filename="../../src/main/cpp/disenum/der_iff_type_2_fop_param6.cpp" />
		<Unit filename="../../src/main/cpp/disenum/der_iff_type_2_fop_param6.h" />
		<Unit filename="../../src/main/cpp/disenum/der_iff_type_3_changeoptions.cpp" />
		<Unit filename="../../src/main/cpp/disenum/der_iff_type_3_changeoptions.h" />
		<Unit filename="../../src/main/cpp/disenum/der_iff_type_3_fop_modifier.cpp" />
		<Unit filename="../../src/main/cpp/disenum/der_iff_type_3_fop_modifier.h" />
		<Unit filename="../../src/main/cpp/disenum/der_iff_type_3_fop_param1.cpp" />
		<Unit filename="../../src/main/cpp/disenum/der_iff_type_3_fop_param1.h" />
		<Unit filename="../../src/main/cpp/disenum/der_iff_type_3_fop_param2.cpp" />
		<Unit filename="../../src/main/cpp/disenum/der_iff_type_3_fop_param2.h" />
		<Unit filename="../../src/main/cpp/disenum/der_iff_type_3_fop_param3.cpp" />
		<Unit filename="../../src/main/cpp/disenum/der_iff_type_3_fop_param3.h" />
		<Unit filename="../../src/main/cpp/disenum/der_iff_type_3_fop_param4.cpp" />
		<Unit filename="../../src/main/cpp/disenum/der_iff_type_3_fop_param4.h" />
		<Unit filename="../../src/main/cpp/disenum/der_iff_type_3_fop_param5.cpp" />
		<Unit filename="../../src/main/cpp/disenum/der_iff_type_3_fop_param5.h" />
		<Unit filename="../../src/main/cpp/disenum/der_iff_type_3_fop_param6.cpp" />
		<Unit filename="../../src/main/cpp/disenum/der_iff_type_3_fop_param6.h" />
		<Unit filename="../../src/main/cpp/disenum/der_iff_type_4_changeoptions.cpp" />
		<Unit filename="../../src/main/cpp/disenum/der_iff_type_4_changeoptions.h" />
		<Unit filename="../../src/main/cpp/disenum/der_iff_type_4_fop_modifier.cpp" />
		<Unit filename="../../src/main/cpp/disenum/der_iff_type_4_fop_modifier.h" />
		<Unit filename="../../src/main/cpp/disenum/der_iff_type_4_fop_param1.cpp" />
		<Unit filename="../../src/main/cpp/disenum/der_iff_type_4_fop_param1.h" />
		<Unit filename="../../src/main/cpp/disenum/der_iff_type_4_fop_param2.cpp" />
		<Unit filename="../../src/main/cpp/disenum/der_iff_type_4_fop_param2.h" />
		<Unit filename="../../src/main/cpp/disenum/der_iff_type_4_fop_param3.cpp" />
		<Unit filename="../../src/main/cpp/disenum/der_iff_type_4_fop_param3.h" />
		<Unit filename="../../src/main/cpp/disenum/der_iff_type_4_fop_param4.cpp" />
		<Unit filename="../../src/main/cpp/disenum/der_iff_type_4_fop_param4.h" />
		<Unit filename="../../src/main/cpp/disenum/der_iff_type_4_fop_param5.cpp" />
		<Unit filename="../../src/main/cpp/disenum/der_iff_type_4_fop_param5.h" />
		<Unit filename="../../src/main/cpp/disenum/der_iff_type_4_fop_param6.cpp" />
		<Unit filename="../../src/main/cpp/disenum/der_iff_type_4_fop_param6.h" />
		<Unit filename="../../src/main/cpp/disenum/der_iff_type_5_changeoptions.cpp" />
		<Unit filename="../../src/main/cpp/disenum/der_iff_type_5_changeoptions.h" />
		<Unit filename="../../src/main/cpp/disenum/der_iff_type_5_fop_modifier.cpp" />
		<Unit filename="../../src/main/cpp/disenum/der_iff_type_5_fop_modifier.h" />
		<Unit filename="../../src/main/cpp/disenum/der_iff_type_5_fop_param1.cpp" />
		<Unit filename="../../src/main/cpp/disenum/der_iff_type_5_fop_param1.h" />
		<Unit filename="../../src/main/cpp/disenum/der_iff_type_5_fop_param2.cpp" />
		<Unit filename="../../src/main/cpp/disenum/der_iff_type_5_fop_param2.h" />
		<Unit filename="../../src/main/cpp/disenum/der_iff_type_5_fop_param3.cpp" />
		<Unit filename="../../src/main/cpp/disenum/der_iff_type_5_fop_param3.h" />
		<Unit filename="../../src/main/cpp/disenum/der_iff_type_5_fop_param4.cpp" />
		<Unit filename="../../src/main/cpp/disenum/der_iff_type_5_fop_param4.h" />
		<Unit filename="../../src/main/cpp/disenum/der_iff_type_5_fop_param5.cpp" />
		<Unit filename="../../src/main/cpp/disenum/der_iff_type_5_fop_param5.h" />
		<Unit filename="../../src/main/cpp/disenum/der_iff_type_5_fop_param6.cpp" />
		<Unit filename="../../src/main/cpp/disenum/der_iff_type_5_fop_param6.h" />
		<Unit filename="../../src/main/cpp/disenum/der_ua_ppcfg.cpp" />
		<Unit filename="../../src/main/cpp/disenum/der_ua_ppcfg.h" />
		<Unit filename="../../src/main/cpp/disenum/entity_mine_appear.cpp" />
		<Unit filename="../../src/main/cpp/disenum/entity_mine_appear.h" />
		<Unit filename="../../src/main/cpp/disenum/entity_mine_datafilter.cpp" />
		<Unit filename="../../src/main/cpp/disenum/entity_mine_datafilter.h" />
		<Unit filename="../../src/main/cpp/disenum/entity_mine_fusing.cpp" />
		<Unit filename="../../src/main/cpp/disenum/entity_mine_fusing.h" />
		<Unit filename="../../src/main/cpp/disenum/entity_mine_paintscheme.cpp" />
		<Unit filename="../../src/main/cpp/disenum/entity_mine_paintscheme.h" />
		<Unit filename="../../src/main/cpp/disenum/entity_mine_protocolmode.cpp" />
		<Unit filename="../../src/main/cpp/disenum/entity_mine_protocolmode.h" />
		<Unit filename="../../src/main/cpp/disenum/env_obj_appear_areal_minefield.cpp" />
		<Unit filename="../../src/main/cpp/disenum/env_obj_appear_areal_minefield.h" />
		<Unit filename="../../src/main/cpp/disenum/env_obj_appear_general.cpp" />
		<Unit filename="../../src/main/cpp/disenum/env_obj_appear_general.h" />
		<Unit filename="../../src/main/cpp/disenum/env_obj_appear_linear_breach.cpp" />
		<Unit filename="../../src/main/cpp/disenum/env_obj_appear_linear_breach.h" />
		<Unit filename="../../src/main/cpp/disenum/env_obj_appear_linear_exhaust.cpp" />
		<Unit filename="../../src/main/cpp/disenum/env_obj_appear_linear_exhaust.h" />
		<Unit filename="../../src/main/cpp/disenum/env_obj_appear_linear_marker.cpp" />
		<Unit filename="../../src/main/cpp/disenum/env_obj_appear_linear_marker.h" />
		<Unit filename="../../src/main/cpp/disenum/env_obj_appear_linear_tankditch.cpp" />
		<Unit filename="../../src/main/cpp/disenum/env_obj_appear_linear_tankditch.h" />
		<Unit filename="../../src/main/cpp/disenum/env_obj_appear_point_breach.cpp" />
		<Unit filename="../../src/main/cpp/disenum/env_obj_appear_point_breach.h" />
		<Unit filename="../../src/main/cpp/disenum/env_obj_appear_point_bridge.cpp" />
		<Unit filename="../../src/main/cpp/disenum/env_obj_appear_point_bridge.h" />
		<Unit filename="../../src/main/cpp/disenum/env_obj_appear_point_building.cpp" />
		<Unit filename="../../src/main/cpp/disenum/env_obj_appear_point_building.h" />
		<Unit filename="../../src/main/cpp/disenum/env_obj_appear_point_burst.cpp" />
		<Unit filename="../../src/main/cpp/disenum/env_obj_appear_point_burst.h" />
		<Unit filename="../../src/main/cpp/disenum/env_obj_appear_point_crater.cpp" />
		<Unit filename="../../src/main/cpp/disenum/env_obj_appear_point_crater.h" />
		<Unit filename="../../src/main/cpp/disenum/env_obj_mod_areal.cpp" />
		<Unit filename="../../src/main/cpp/disenum/env_obj_mod_areal.h" />
		<Unit filename="../../src/main/cpp/disenum/env_obj_mod_linear.cpp" />
		<Unit filename="../../src/main/cpp/disenum/env_obj_mod_linear.h" />
		<Unit filename="../../src/main/cpp/disenum/env_obj_mod_point.cpp" />
		<Unit filename="../../src/main/cpp/disenum/env_obj_mod_point.h" />
		<Unit filename="../../src/main/cpp/disenum/env_process_environmentstatus.cpp" />
		<Unit filename="../../src/main/cpp/disenum/env_process_environmentstatus.h" />
		<Unit filename="../../src/main/cpp/disenum/es_appear_cultural.cpp" />
		<Unit filename="../../src/main/cpp/disenum/es_appear_cultural.h" />
		<Unit filename="../../src/main/cpp/disenum/es_appear_environmental.cpp" />
		<Unit filename="../../src/main/cpp/disenum/es_appear_environmental.h" />
		<Unit filename="../../src/main/cpp/disenum/es_appear_expendables.cpp" />
		<Unit filename="../../src/main/cpp/disenum/es_appear_expendables.h" />
		<Unit filename="../../src/main/cpp/disenum/es_appear_lifeform.cpp" />
		<Unit filename="../../src/main/cpp/disenum/es_appear_lifeform.h" />
		<Unit filename="../../src/main/cpp/disenum/es_appear_munition.cpp" />
		<Unit filename="../../src/main/cpp/disenum/es_appear_munition.h" />
		<Unit filename="../../src/main/cpp/disenum/es_appear_platform_air.cpp" />
		<Unit filename="../../src/main/cpp/disenum/es_appear_platform_air.h" />
		<Unit filename="../../src/main/cpp/disenum/es_appear_platform_land.cpp" />
		<Unit filename="../../src/main/cpp/disenum/es_appear_platform_land.h" />
		<Unit filename="../../src/main/cpp/disenum/es_appear_platform_space.cpp" />
		<Unit filename="../../src/main/cpp/disenum/es_appear_platform_space.h" />
		<Unit filename="../../src/main/cpp/disenum/es_appear_platform_subsurface.cpp" />
		<Unit filename="../../src/main/cpp/disenum/es_appear_platform_subsurface.h" />
		<Unit filename="../../src/main/cpp/disenum/es_appear_platform_surface.cpp" />
		<Unit filename="../../src/main/cpp/disenum/es_appear_platform_surface.h" />
		<Unit filename="../../src/main/cpp/disenum/es_appear_radios.cpp" />
		<Unit filename="../../src/main/cpp/disenum/es_appear_radios.h" />
		<Unit filename="../../src/main/cpp/disenum/es_appear_sensoremitter.cpp" />
		<Unit filename="../../src/main/cpp/disenum/es_appear_sensoremitter.h" />
		<Unit filename="../../src/main/cpp/disenum/es_appear_supplies.cpp" />
		<Unit filename="../../src/main/cpp/disenum/es_appear_supplies.h" />
		<Unit filename="../../src/main/cpp/disenum/es_capabilities.cpp" />
		<Unit filename="../../src/main/cpp/disenum/es_capabilities.h" />
		<Unit filename="../../src/main/cpp/disenum/radio_tx_encoding.cpp" />
		<Unit filename="../../src/main/cpp/disenum/radio_tx_encoding.h" />
		<Unit filename="../../src/main/cpp/disenum/radio_tx_mod_spreadspectrum.cpp" />
		<Unit filename="../../src/main/cpp/disenum/radio_tx_mod_spreadspectrum.h" />
		<Unit filename="../../src/main/cpp/disenum/simman_stop_frozenbehavior.cpp" />
		<Unit filename="../../src/main/cpp/disenum/simman_stop_frozenbehavior.h" />
		<Extensions>
			<code_completion>
				<search_path add="../../src/main/cpp" />
			</code_completion>
			<envvars />
			<debugger />
			<lib_finder disable_auto="1" />
		</Extensions>
	</Project>
</CodeBlocks_project_file>
